Microsoft Visual Studio Solution File, Format Version 12.00
# Visual Studio Version 17
VisualStudioVersion = 17.5.2.0
MinimumVisualStudioVersion = 10.0.40219.1
Project("{FAE04EC0-301F-11D3-BF4B-00C04F79EFBC}") = "HNG12API", "HNG12API.csproj", "{7068751A-E874-F536-ADDB-C0CEDEE54530}"
EndProject
Global
	GlobalSection(SolutionConfigurationPlatforms) = preSolution
		Debug|Any CPU = Debug|Any CPU
		Release|Any CPU = Release|Any CPU
	EndGlobalSection
	GlobalSection(ProjectConfigurationPlatforms) = postSolution
		{7068751A-E874-F536-ADDB-C0CEDEE54530}.Debug|Any CPU.ActiveCfg = Debug|Any CPU
		{7068751A-E874-F536-ADDB-C0CEDEE54530}.Debug|Any CPU.Build.0 = Debug|Any CPU
		{7068751A-E874-F536-ADDB-C0CEDEE54530}.Release|Any CPU.ActiveCfg = Release|Any CPU
		{7068751A-E874-F536-ADDB-C0CEDEE54530}.Release|Any CPU.Build.0 = Release|Any CPU
	EndGlobalSection
	GlobalSection(SolutionProperties) = preSolution
		HideSolutionNode = FALSE
	EndGlobalSection
	GlobalSection(ExtensibilityGlobals) = postSolution
		SolutionGuid = {142F62F2-9E60-46D5-8CFF-12EB04180CFF}
	EndGlobalSection
EndGlobal
